
Microsoft Visual Studio Solution File, Format Version 12.00
# Visual Studio Version 17
VisualStudioVersion = 17.9.34723.18
MinimumVisualStudioVersion = 10.0.40219.1
Project("{FAE04EC0-301F-11D3-BF4B-00C04F79EFBC}") = "KomalliAPI", "KomalliAPI.csproj", "{854BDF57-BCFB-405F-885D-0908C5AC89DA}"
EndProject
Global
	GlobalSection(SolutionConfigurationPlatforms) = preSolution
		Debug|Any CPU = Debug|Any CPU
		Release|Any CPU = Release|Any CPU
	EndGlobalSection
	GlobalSection(ProjectConfigurationPlatforms) = postSolution
		{854BDF57-BCFB-405F-885D-0908C5AC89DA}.Debug|Any CPU.ActiveCfg = Debug|Any CPU
		{854BDF57-BCFB-405F-885D-0908C5AC89DA}.Debug|Any CPU.Build.0 = Debug|Any CPU
		{854BDF57-BCFB-405F-885D-0908C5AC89DA}.Release|Any CPU.ActiveCfg = Release|Any CPU
		{854BDF57-BCFB-405F-885D-0908C5AC89DA}.Release|Any CPU.Build.0 = Release|Any CPU
	EndGlobalSection
	GlobalSection(SolutionProperties) = preSolution
		HideSolutionNode = FALSE
	EndGlobalSection
	GlobalSection(ExtensibilityGlobals) = postSolution
		SolutionGuid = {25BA416E-0AC5-4440-8CEE-DC55AA9A262A}
	EndGlobalSection
EndGlobal
